
Microsoft Visual Studio Solution File, Format Version 12.00
# Visual Studio Version 16
VisualStudioVersion = 16.0.32901.82
MinimumVisualStudioVersion = 10.0.40219.1
Project("{FAE04EC0-301F-11D3-BF4B-00C04F79EFBC}") = "AppFirts", "AppFirts\AppFirts.csproj", "{3AEA0632-A49B-4D16-ABC6-8A500D04D988}"
EndProject
Global
	GlobalSection(SolutionConfigurationPlatforms) = preSolution
		Debug|Any CPU = Debug|Any CPU
		Release|Any CPU = Release|Any CPU
	EndGlobalSection
	GlobalSection(ProjectConfigurationPlatforms) = postSolution
		{3AEA0632-A49B-4D16-ABC6-8A500D04D988}.Debug|Any CPU.ActiveCfg = Debug|Any CPU
		{3AEA0632-A49B-4D16-ABC6-8A500D04D988}.Debug|Any CPU.Build.0 = Debug|Any CPU
		{3AEA0632-A49B-4D16-ABC6-8A500D04D988}.Release|Any CPU.ActiveCfg = Release|Any CPU
		{3AEA0632-A49B-4D16-ABC6-8A500D04D988}.Release|Any CPU.Build.0 = Release|Any CPU
	EndGlobalSection
	GlobalSection(SolutionProperties) = preSolution
		HideSolutionNode = FALSE
	EndGlobalSection
	GlobalSection(ExtensibilityGlobals) = postSolution
		SolutionGuid = {CD434049-677E-47E4-9264-32B8221A0968}
	EndGlobalSection
EndGlobal
